
Microsoft Visual Studio Solution File, Format Version 11.00
# Visual Studio 2010
Project("{FAE04EC0-301F-11D3-BF4B-00C04F79EFBC}") = "FSWatcher", "FSWatcher\FSWatcher.csproj", "{FB9BD7EA-F1F8-4F9C-8B82-17E703C0C766}"
EndProject
Project("{FAE04EC0-301F-11D3-BF4B-00C04F79EFBC}") = "FSWatcher.Console", "FSWatcher.Console\FSWatcher.Console.csproj", "{74D03B41-0D17-4D50-9542-EA06FD441C22}"
EndProject
Global
	GlobalSection(SolutionConfigurationPlatforms) = preSolution
		Debug|Any CPU = Debug|Any CPU
		Release|Any CPU = Release|Any CPU
	EndGlobalSection
	GlobalSection(ProjectConfigurationPlatforms) = postSolution
		{FB9BD7EA-F1F8-4F9C-8B82-17E703C0C766}.Debug|Any CPU.ActiveCfg = Debug|Any CPU
		{FB9BD7EA-F1F8-4F9C-8B82-17E703C0C766}.Debug|Any CPU.Build.0 = Debug|Any CPU
		{FB9BD7EA-F1F8-4F9C-8B82-17E703C0C766}.Release|Any CPU.ActiveCfg = Release|Any CPU
		{FB9BD7EA-F1F8-4F9C-8B82-17E703C0C766}.Release|Any CPU.Build.0 = Release|Any CPU
		{74D03B41-0D17-4D50-9542-EA06FD441C22}.Debug|Any CPU.ActiveCfg = Debug|Any CPU
		{74D03B41-0D17-4D50-9542-EA06FD441C22}.Debug|Any CPU.Build.0 = Debug|Any CPU
		{74D03B41-0D17-4D50-9542-EA06FD441C22}.Release|Any CPU.ActiveCfg = Release|Any CPU
		{74D03B41-0D17-4D50-9542-EA06FD441C22}.Release|Any CPU.Build.0 = Release|Any CPU
	EndGlobalSection
	GlobalSection(SolutionProperties) = preSolution
		HideSolutionNode = FALSE
	EndGlobalSection
EndGlobal
